
Microsoft Visual Studio Solution File, Format Version 12.00
# Visual Studio Version 16
VisualStudioVersion = 16.0.32228.343
MinimumVisualStudioVersion = 10.0.40219.1
Project("{FAE04EC0-301F-11D3-BF4B-00C04F79EFBC}") = "Arithmetic", "Arithmetic\Arithmetic.csproj", "{3CC14CCF-D026-4632-821E-EED1FB782753}"
EndProject
Global
	GlobalSection(SolutionConfigurationPlatforms) = preSolution
		Debug|Any CPU = Debug|Any CPU
		Release|Any CPU = Release|Any CPU
	EndGlobalSection
	GlobalSection(ProjectConfigurationPlatforms) = postSolution
		{3CC14CCF-D026-4632-821E-EED1FB782753}.Debug|Any CPU.ActiveCfg = Debug|Any CPU
		{3CC14CCF-D026-4632-821E-EED1FB782753}.Debug|Any CPU.Build.0 = Debug|Any CPU
		{3CC14CCF-D026-4632-821E-EED1FB782753}.Release|Any CPU.ActiveCfg = Release|Any CPU
		{3CC14CCF-D026-4632-821E-EED1FB782753}.Release|Any CPU.Build.0 = Release|Any CPU
	EndGlobalSection
	GlobalSection(SolutionProperties) = preSolution
		HideSolutionNode = FALSE
	EndGlobalSection
	GlobalSection(ExtensibilityGlobals) = postSolution
		SolutionGuid = {1FE9F3BF-BA41-4476-A7CB-5017B4AE0851}
	EndGlobalSection
EndGlobal
